# This file was autogenerated by Stack.
# You should not edit this file by hand.
# For more information, please see the documentation at:
#   https://docs.haskellstack.org/en/stable/topics/lock_files

packages:
- completed:
    hackage: gi-pangocairo-1.0.31@sha256:dfeb7c73749a9d2b280dd9fb59aeb70def529ee310114c89cc57967af9c3df84,3226
    pantry-tree:
      sha256: 277eafb8cf510b9d653179dc5b059e66ddf051d39a1023343ba8cf38ca6dabc0
      size: 370
  original:
    hackage: gi-pangocairo-1.0.31
snapshots:
- completed:
    sha256: 309392e77af949aff34933aff53070c774d274b0f2f7e314df665c0d322c7715
    size: 726103
    url: https://raw.githubusercontent.com/commercialhaskell/stackage-snapshots/master/lts/24/16.yaml
  original:
    url: https://raw.githubusercontent.com/commercialhaskell/stackage-snapshots/master/lts/24/16.yaml
